<?xml version="1.0" encoding="UTF-8" standalone="yes" ?>
<CodeBlocks_project_file>
   <FileVersion major="1" minor="6" />
   <Project>
      <Option title="gr-FM_Switch" />
      <Option makefile_is_custom="1" />
      <Option compiler="gcc" />
      <Option virtualFolders="CMake Files\;CMake Files\cmake\;CMake Files\cmake\Modules\;CMake Files\..\;CMake Files\..\..\;CMake Files\..\..\..\;CMake Files\..\..\..\..\;CMake Files\..\..\..\..\..\;CMake Files\..\..\..\..\..\..\;CMake Files\..\..\..\..\..\..\usr\;CMake Files\..\..\..\..\..\..\usr\local\;CMake Files\..\..\..\..\..\..\usr\local\lib\;CMake Files\..\..\..\..\..\..\usr\local\lib\cmake\;CMake Files\..\..\..\..\..\..\usr\local\lib\cmake\gnuradio\;CMake Files\include\;CMake Files\include\FM_Switch\;CMake Files\lib\;CMake Files\swig\;CMake Files\docs\;CMake Files\docs\doxygen\;CMake Files\python\;CMake Files\grc\;CMake Files\apps\;" />
      <Build>
      <Target title="all">
         <Option working_dir="/home/arun/Documents/python/ooT/gr-FM_Switch" />
         <Option type="4" />
         <MakeCommands>
            <Build command="/usr/bin/make -f &quot;/home/arun/Documents/python/ooT/gr-FM_Switch/Makefile&quot;  VERBOSE=1 all" />
            <CompileFile command="/usr/bin/make -f &quot;/home/arun/Documents/python/ooT/gr-FM_Switch/Makefile&quot;  VERBOSE=1 &quot;$file&quot;" />
            <Clean command="/usr/bin/make -f &quot;/home/arun/Documents/python/ooT/gr-FM_Switch/Makefile&quot;  VERBOSE=1 clean" />
            <DistClean command="/usr/bin/make -f &quot;/home/arun/Documents/python/ooT/gr-FM_Switch/Makefile&quot;  VERBOSE=1 clean" />
         </MakeCommands>
      </Target>
      <Target title="edit_cache">
         <Option working_dir="/home/arun/Documents/python/ooT/gr-FM_Switch" />
         <Option type="4" />
         <MakeCommands>
            <Build command="/usr/bin/make -f &quot;/home/arun/Documents/python/ooT/gr-FM_Switch/Makefile&quot;  VERBOSE=1 edit_cache" />
            <CompileFile command="/usr/bin/make -f &quot;/home/arun/Documents/python/ooT/gr-FM_Switch/Makefile&quot;  VERBOSE=1 &quot;$file&quot;" />
            <Clean command="/usr/bin/make -f &quot;/home/arun/Documents/python/ooT/gr-FM_Switch/Makefile&quot;  VERBOSE=1 clean" />
            <DistClean command="/usr/bin/make -f &quot;/home/arun/Documents/python/ooT/gr-FM_Switch/Makefile&quot;  VERBOSE=1 clean" />
         </MakeCommands>
      </Target>
      <Target title="install">
         <Option working_dir="/home/arun/Documents/python/ooT/gr-FM_Switch" />
         <Option type="4" />
         <MakeCommands>
            <Build command="/usr/bin/make -f &quot;/home/arun/Documents/python/ooT/gr-FM_Switch/Makefile&quot;  VERBOSE=1 install" />
            <CompileFile command="/usr/bin/make -f &quot;/home/arun/Documents/python/ooT/gr-FM_Switch/Makefile&quot;  VERBOSE=1 &quot;$file&quot;" />
            <Clean command="/usr/bin/make -f &quot;/home/arun/Documents/python/ooT/gr-FM_Switch/Makefile&quot;  VERBOSE=1 clean" />
            <DistClean command="/usr/bin/make -f &quot;/home/arun/Documents/python/ooT/gr-FM_Switch/Makefile&quot;  VERBOSE=1 clean" />
         </MakeCommands>
      </Target>
      <Target title="install/local">
         <Option working_dir="/home/arun/Documents/python/ooT/gr-FM_Switch" />
         <Option type="4" />
         <MakeCommands>
            <Build command="/usr/bin/make -f &quot;/home/arun/Documents/python/ooT/gr-FM_Switch/Makefile&quot;  VERBOSE=1 install/local" />
            <CompileFile command="/usr/bin/make -f &quot;/home/arun/Documents/python/ooT/gr-FM_Switch/Makefile&quot;  VERBOSE=1 &quot;$file&quot;" />
            <Clean command="/usr/bin/make -f &quot;/home/arun/Documents/python/ooT/gr-FM_Switch/Makefile&quot;  VERBOSE=1 clean" />
            <DistClean command="/usr/bin/make -f &quot;/home/arun/Documents/python/ooT/gr-FM_Switch/Makefile&quot;  VERBOSE=1 clean" />
         </MakeCommands>
      </Target>
      <Target title="install/strip">
         <Option working_dir="/home/arun/Documents/python/ooT/gr-FM_Switch" />
         <Option type="4" />
         <MakeCommands>
            <Build command="/usr/bin/make -f &quot;/home/arun/Documents/python/ooT/gr-FM_Switch/Makefile&quot;  VERBOSE=1 install/strip" />
            <CompileFile command="/usr/bin/make -f &quot;/home/arun/Documents/python/ooT/gr-FM_Switch/Makefile&quot;  VERBOSE=1 &quot;$file&quot;" />
            <Clean command="/usr/bin/make -f &quot;/home/arun/Documents/python/ooT/gr-FM_Switch/Makefile&quot;  VERBOSE=1 clean" />
            <DistClean command="/usr/bin/make -f &quot;/home/arun/Documents/python/ooT/gr-FM_Switch/Makefile&quot;  VERBOSE=1 clean" />
         </MakeCommands>
      </Target>
      <Target title="list_install_components">
         <Option working_dir="/home/arun/Documents/python/ooT/gr-FM_Switch" />
         <Option type="4" />
         <MakeCommands>
            <Build command="/usr/bin/make -f &quot;/home/arun/Documents/python/ooT/gr-FM_Switch/Makefile&quot;  VERBOSE=1 list_install_components" />
            <CompileFile command="/usr/bin/make -f &quot;/home/arun/Documents/python/ooT/gr-FM_Switch/Makefile&quot;  VERBOSE=1 &quot;$file&quot;" />
            <Clean command="/usr/bin/make -f &quot;/home/arun/Documents/python/ooT/gr-FM_Switch/Makefile&quot;  VERBOSE=1 clean" />
            <DistClean command="/usr/bin/make -f &quot;/home/arun/Documents/python/ooT/gr-FM_Switch/Makefile&quot;  VERBOSE=1 clean" />
         </MakeCommands>
      </Target>
      <Target title="rebuild_cache">
         <Option working_dir="/home/arun/Documents/python/ooT/gr-FM_Switch" />
         <Option type="4" />
         <MakeCommands>
            <Build command="/usr/bin/make -f &quot;/home/arun/Documents/python/ooT/gr-FM_Switch/Makefile&quot;  VERBOSE=1 rebuild_cache" />
            <CompileFile command="/usr/bin/make -f &quot;/home/arun/Documents/python/ooT/gr-FM_Switch/Makefile&quot;  VERBOSE=1 &quot;$file&quot;" />
            <Clean command="/usr/bin/make -f &quot;/home/arun/Documents/python/ooT/gr-FM_Switch/Makefile&quot;  VERBOSE=1 clean" />
            <DistClean command="/usr/bin/make -f &quot;/home/arun/Documents/python/ooT/gr-FM_Switch/Makefile&quot;  VERBOSE=1 clean" />
         </MakeCommands>
      </Target>
      <Target title="test">
         <Option working_dir="/home/arun/Documents/python/ooT/gr-FM_Switch" />
         <Option type="4" />
         <MakeCommands>
            <Build command="/usr/bin/make -f &quot;/home/arun/Documents/python/ooT/gr-FM_Switch/Makefile&quot;  VERBOSE=1 test" />
            <CompileFile command="/usr/bin/make -f &quot;/home/arun/Documents/python/ooT/gr-FM_Switch/Makefile&quot;  VERBOSE=1 &quot;$file&quot;" />
            <Clean command="/usr/bin/make -f &quot;/home/arun/Documents/python/ooT/gr-FM_Switch/Makefile&quot;  VERBOSE=1 clean" />
            <DistClean command="/usr/bin/make -f &quot;/home/arun/Documents/python/ooT/gr-FM_Switch/Makefile&quot;  VERBOSE=1 clean" />
         </MakeCommands>
      </Target>
      <Target title="uninstall">
         <Option working_dir="/home/arun/Documents/python/ooT/gr-FM_Switch" />
         <Option type="4" />
         <MakeCommands>
            <Build command="/usr/bin/make -f &quot;/home/arun/Documents/python/ooT/gr-FM_Switch/Makefile&quot;  VERBOSE=1 uninstall" />
            <CompileFile command="/usr/bin/make -f &quot;/home/arun/Documents/python/ooT/gr-FM_Switch/Makefile&quot;  VERBOSE=1 &quot;$file&quot;" />
            <Clean command="/usr/bin/make -f &quot;/home/arun/Documents/python/ooT/gr-FM_Switch/Makefile&quot;  VERBOSE=1 clean" />
            <DistClean command="/usr/bin/make -f &quot;/home/arun/Documents/python/ooT/gr-FM_Switch/Makefile&quot;  VERBOSE=1 clean" />
         </MakeCommands>
      </Target>
      <Target title="gnuradio-FM_Switch">
         <Option output="/home/arun/Documents/python/ooT/gr-FM_Switch/lib/libgnuradio-FM_Switch.so" prefix_auto="0" extension_auto="0" />
         <Option working_dir="/home/arun/Documents/python/ooT/gr-FM_Switch/lib" />
         <Option object_output="./" />
         <Option type="3" />
         <Option compiler="gcc" />
         <Compiler>
            <Add directory="/home/arun/Documents/python/ooT/gr-FM_Switch/include" />
            <Add directory="/home/arun/Documents/python/ooT/gr-FM_Switch/lib" />
            <Add directory="/usr/include" />
            <Add directory="/usr/include/c++/4.8" />
            <Add directory="/usr/include/c++/4.8/backward" />
            <Add directory="/usr/include/x86_64-linux-gnu" />
            <Add directory="/usr/include/x86_64-linux-gnu/c++/4.8" />
            <Add directory="/usr/lib/gcc/x86_64-linux-gnu/4.8/include" />
            <Add directory="/usr/lib/gcc/x86_64-linux-gnu/4.8/include-fixed" />
            <Add directory="/usr/local/include" />
         </Compiler>
         <MakeCommands>
            <Build command="/usr/bin/make -f &quot;/home/arun/Documents/python/ooT/gr-FM_Switch/lib/Makefile&quot;  VERBOSE=1 gnuradio-FM_Switch" />
            <CompileFile command="/usr/bin/make -f &quot;/home/arun/Documents/python/ooT/gr-FM_Switch/lib/Makefile&quot;  VERBOSE=1 &quot;$file&quot;" />
            <Clean command="/usr/bin/make -f &quot;/home/arun/Documents/python/ooT/gr-FM_Switch/lib/Makefile&quot;  VERBOSE=1 clean" />
            <DistClean command="/usr/bin/make -f &quot;/home/arun/Documents/python/ooT/gr-FM_Switch/lib/Makefile&quot;  VERBOSE=1 clean" />
         </MakeCommands>
      </Target>
      <Target title="gnuradio-FM_Switch/fast">
         <Option output="/home/arun/Documents/python/ooT/gr-FM_Switch/lib/libgnuradio-FM_Switch.so" prefix_auto="0" extension_auto="0" />
         <Option working_dir="/home/arun/Documents/python/ooT/gr-FM_Switch/lib" />
         <Option object_output="./" />
         <Option type="3" />
         <Option compiler="gcc" />
         <Compiler>
            <Add directory="/home/arun/Documents/python/ooT/gr-FM_Switch/include" />
            <Add directory="/home/arun/Documents/python/ooT/gr-FM_Switch/lib" />
            <Add directory="/usr/include" />
            <Add directory="/usr/include/c++/4.8" />
            <Add directory="/usr/include/c++/4.8/backward" />
            <Add directory="/usr/include/x86_64-linux-gnu" />
            <Add directory="/usr/include/x86_64-linux-gnu/c++/4.8" />
            <Add directory="/usr/lib/gcc/x86_64-linux-gnu/4.8/include" />
            <Add directory="/usr/lib/gcc/x86_64-linux-gnu/4.8/include-fixed" />
            <Add directory="/usr/local/include" />
         </Compiler>
         <MakeCommands>
            <Build command="/usr/bin/make -f &quot;/home/arun/Documents/python/ooT/gr-FM_Switch/lib/Makefile&quot;  VERBOSE=1 gnuradio-FM_Switch/fast" />
            <CompileFile command="/usr/bin/make -f &quot;/home/arun/Documents/python/ooT/gr-FM_Switch/lib/Makefile&quot;  VERBOSE=1 &quot;$file&quot;" />
            <Clean command="/usr/bin/make -f &quot;/home/arun/Documents/python/ooT/gr-FM_Switch/lib/Makefile&quot;  VERBOSE=1 clean" />
            <DistClean command="/usr/bin/make -f &quot;/home/arun/Documents/python/ooT/gr-FM_Switch/lib/Makefile&quot;  VERBOSE=1 clean" />
         </MakeCommands>
      </Target>
      <Target title="test-FM_Switch">
         <Option output="/home/arun/Documents/python/ooT/gr-FM_Switch/lib/test-FM_Switch" prefix_auto="0" extension_auto="0" />
         <Option working_dir="/home/arun/Documents/python/ooT/gr-FM_Switch/lib" />
         <Option object_output="./" />
         <Option type="1" />
         <Option compiler="gcc" />
         <Compiler>
            <Add directory="/home/arun/Documents/python/ooT/gr-FM_Switch/include" />
            <Add directory="/home/arun/Documents/python/ooT/gr-FM_Switch/lib" />
            <Add directory="/usr/include" />
            <Add directory="/usr/include/c++/4.8" />
            <Add directory="/usr/include/c++/4.8/backward" />
            <Add directory="/usr/include/x86_64-linux-gnu" />
            <Add directory="/usr/include/x86_64-linux-gnu/c++/4.8" />
            <Add directory="/usr/lib/gcc/x86_64-linux-gnu/4.8/include" />
            <Add directory="/usr/lib/gcc/x86_64-linux-gnu/4.8/include-fixed" />
            <Add directory="/usr/local/include" />
         </Compiler>
         <MakeCommands>
            <Build command="/usr/bin/make -f &quot;/home/arun/Documents/python/ooT/gr-FM_Switch/lib/Makefile&quot;  VERBOSE=1 test-FM_Switch" />
            <CompileFile command="/usr/bin/make -f &quot;/home/arun/Documents/python/ooT/gr-FM_Switch/lib/Makefile&quot;  VERBOSE=1 &quot;$file&quot;" />
            <Clean command="/usr/bin/make -f &quot;/home/arun/Documents/python/ooT/gr-FM_Switch/lib/Makefile&quot;  VERBOSE=1 clean" />
            <DistClean command="/usr/bin/make -f &quot;/home/arun/Documents/python/ooT/gr-FM_Switch/lib/Makefile&quot;  VERBOSE=1 clean" />
         </MakeCommands>
      </Target>
      <Target title="test-FM_Switch/fast">
         <Option output="/home/arun/Documents/python/ooT/gr-FM_Switch/lib/test-FM_Switch" prefix_auto="0" extension_auto="0" />
         <Option working_dir="/home/arun/Documents/python/ooT/gr-FM_Switch/lib" />
         <Option object_output="./" />
         <Option type="1" />
         <Option compiler="gcc" />
         <Compiler>
            <Add directory="/home/arun/Documents/python/ooT/gr-FM_Switch/include" />
            <Add directory="/home/arun/Documents/python/ooT/gr-FM_Switch/lib" />
            <Add directory="/usr/include" />
            <Add directory="/usr/include/c++/4.8" />
            <Add directory="/usr/include/c++/4.8/backward" />
            <Add directory="/usr/include/x86_64-linux-gnu" />
            <Add directory="/usr/include/x86_64-linux-gnu/c++/4.8" />
            <Add directory="/usr/lib/gcc/x86_64-linux-gnu/4.8/include" />
            <Add directory="/usr/lib/gcc/x86_64-linux-gnu/4.8/include-fixed" />
            <Add directory="/usr/local/include" />
         </Compiler>
         <MakeCommands>
            <Build command="/usr/bin/make -f &quot;/home/arun/Documents/python/ooT/gr-FM_Switch/lib/Makefile&quot;  VERBOSE=1 test-FM_Switch/fast" />
            <CompileFile command="/usr/bin/make -f &quot;/home/arun/Documents/python/ooT/gr-FM_Switch/lib/Makefile&quot;  VERBOSE=1 &quot;$file&quot;" />
            <Clean command="/usr/bin/make -f &quot;/home/arun/Documents/python/ooT/gr-FM_Switch/lib/Makefile&quot;  VERBOSE=1 clean" />
            <DistClean command="/usr/bin/make -f &quot;/home/arun/Documents/python/ooT/gr-FM_Switch/lib/Makefile&quot;  VERBOSE=1 clean" />
         </MakeCommands>
      </Target>
      <Target title="FM_Switch_swig_swig_2d0df">
         <Option output="/home/arun/Documents/python/ooT/gr-FM_Switch/swig/FM_Switch_swig_swig_2d0df" prefix_auto="0" extension_auto="0" />
         <Option working_dir="/home/arun/Documents/python/ooT/gr-FM_Switch/swig" />
         <Option object_output="./" />
         <Option type="1" />
         <Option compiler="gcc" />
         <Compiler>
            <Add directory="/home/arun/Documents/python/ooT/gr-FM_Switch/include" />
            <Add directory="/home/arun/Documents/python/ooT/gr-FM_Switch/lib" />
            <Add directory="/home/arun/Documents/python/ooT/gr-FM_Switch/swig" />
            <Add directory="/usr/include" />
            <Add directory="/usr/include/c++/4.8" />
            <Add directory="/usr/include/c++/4.8/backward" />
            <Add directory="/usr/include/python2.7" />
            <Add directory="/usr/include/x86_64-linux-gnu" />
            <Add directory="/usr/include/x86_64-linux-gnu/c++/4.8" />
            <Add directory="/usr/include/x86_64-linux-gnu/python2.7" />
            <Add directory="/usr/lib/gcc/x86_64-linux-gnu/4.8/include" />
            <Add directory="/usr/lib/gcc/x86_64-linux-gnu/4.8/include-fixed" />
            <Add directory="/usr/local/include" />
            <Add directory="/usr/local/include/gnuradio/swig" />
         </Compiler>
         <MakeCommands>
            <Build command="/usr/bin/make -f &quot;/home/arun/Documents/python/ooT/gr-FM_Switch/swig/Makefile&quot;  VERBOSE=1 FM_Switch_swig_swig_2d0df" />
            <CompileFile command="/usr/bin/make -f &quot;/home/arun/Documents/python/ooT/gr-FM_Switch/swig/Makefile&quot;  VERBOSE=1 &quot;$file&quot;" />
            <Clean command="/usr/bin/make -f &quot;/home/arun/Documents/python/ooT/gr-FM_Switch/swig/Makefile&quot;  VERBOSE=1 clean" />
            <DistClean command="/usr/bin/make -f &quot;/home/arun/Documents/python/ooT/gr-FM_Switch/swig/Makefile&quot;  VERBOSE=1 clean" />
         </MakeCommands>
      </Target>
      <Target title="FM_Switch_swig_swig_2d0df/fast">
         <Option output="/home/arun/Documents/python/ooT/gr-FM_Switch/swig/FM_Switch_swig_swig_2d0df" prefix_auto="0" extension_auto="0" />
         <Option working_dir="/home/arun/Documents/python/ooT/gr-FM_Switch/swig" />
         <Option object_output="./" />
         <Option type="1" />
         <Option compiler="gcc" />
         <Compiler>
            <Add directory="/home/arun/Documents/python/ooT/gr-FM_Switch/include" />
            <Add directory="/home/arun/Documents/python/ooT/gr-FM_Switch/lib" />
            <Add directory="/home/arun/Documents/python/ooT/gr-FM_Switch/swig" />
            <Add directory="/usr/include" />
            <Add directory="/usr/include/c++/4.8" />
            <Add directory="/usr/include/c++/4.8/backward" />
            <Add directory="/usr/include/python2.7" />
            <Add directory="/usr/include/x86_64-linux-gnu" />
            <Add directory="/usr/include/x86_64-linux-gnu/c++/4.8" />
            <Add directory="/usr/include/x86_64-linux-gnu/python2.7" />
            <Add directory="/usr/lib/gcc/x86_64-linux-gnu/4.8/include" />
            <Add directory="/usr/lib/gcc/x86_64-linux-gnu/4.8/include-fixed" />
            <Add directory="/usr/local/include" />
            <Add directory="/usr/local/include/gnuradio/swig" />
         </Compiler>
         <MakeCommands>
            <Build command="/usr/bin/make -f &quot;/home/arun/Documents/python/ooT/gr-FM_Switch/swig/Makefile&quot;  VERBOSE=1 FM_Switch_swig_swig_2d0df/fast" />
            <CompileFile command="/usr/bin/make -f &quot;/home/arun/Documents/python/ooT/gr-FM_Switch/swig/Makefile&quot;  VERBOSE=1 &quot;$file&quot;" />
            <Clean command="/usr/bin/make -f &quot;/home/arun/Documents/python/ooT/gr-FM_Switch/swig/Makefile&quot;  VERBOSE=1 clean" />
            <DistClean command="/usr/bin/make -f &quot;/home/arun/Documents/python/ooT/gr-FM_Switch/swig/Makefile&quot;  VERBOSE=1 clean" />
         </MakeCommands>
      </Target>
      <Target title="FM_Switch_swig_swig_doc">
         <Option working_dir="/home/arun/Documents/python/ooT/gr-FM_Switch/swig" />
         <Option type="4" />
         <MakeCommands>
            <Build command="/usr/bin/make -f &quot;/home/arun/Documents/python/ooT/gr-FM_Switch/swig/Makefile&quot;  VERBOSE=1 FM_Switch_swig_swig_doc" />
            <CompileFile command="/usr/bin/make -f &quot;/home/arun/Documents/python/ooT/gr-FM_Switch/swig/Makefile&quot;  VERBOSE=1 &quot;$file&quot;" />
            <Clean command="/usr/bin/make -f &quot;/home/arun/Documents/python/ooT/gr-FM_Switch/swig/Makefile&quot;  VERBOSE=1 clean" />
            <DistClean command="/usr/bin/make -f &quot;/home/arun/Documents/python/ooT/gr-FM_Switch/swig/Makefile&quot;  VERBOSE=1 clean" />
         </MakeCommands>
      </Target>
      <Target title="_FM_Switch_swig">
         <Option output="/home/arun/Documents/python/ooT/gr-FM_Switch/swig/_FM_Switch_swig.so" prefix_auto="0" extension_auto="0" />
         <Option working_dir="/home/arun/Documents/python/ooT/gr-FM_Switch/swig" />
         <Option object_output="./" />
         <Option type="3" />
         <Option compiler="gcc" />
         <Compiler>
            <Add directory="/home/arun/Documents/python/ooT/gr-FM_Switch/include" />
            <Add directory="/home/arun/Documents/python/ooT/gr-FM_Switch/lib" />
            <Add directory="/home/arun/Documents/python/ooT/gr-FM_Switch/swig" />
            <Add directory="/usr/include" />
            <Add directory="/usr/include/c++/4.8" />
            <Add directory="/usr/include/c++/4.8/backward" />
            <Add directory="/usr/include/python2.7" />
            <Add directory="/usr/include/x86_64-linux-gnu" />
            <Add directory="/usr/include/x86_64-linux-gnu/c++/4.8" />
            <Add directory="/usr/include/x86_64-linux-gnu/python2.7" />
            <Add directory="/usr/lib/gcc/x86_64-linux-gnu/4.8/include" />
            <Add directory="/usr/lib/gcc/x86_64-linux-gnu/4.8/include-fixed" />
            <Add directory="/usr/local/include" />
            <Add directory="/usr/local/include/gnuradio/swig" />
         </Compiler>
         <MakeCommands>
            <Build command="/usr/bin/make -f &quot;/home/arun/Documents/python/ooT/gr-FM_Switch/swig/Makefile&quot;  VERBOSE=1 _FM_Switch_swig" />
            <CompileFile command="/usr/bin/make -f &quot;/home/arun/Documents/python/ooT/gr-FM_Switch/swig/Makefile&quot;  VERBOSE=1 &quot;$file&quot;" />
            <Clean command="/usr/bin/make -f &quot;/home/arun/Documents/python/ooT/gr-FM_Switch/swig/Makefile&quot;  VERBOSE=1 clean" />
            <DistClean command="/usr/bin/make -f &quot;/home/arun/Documents/python/ooT/gr-FM_Switch/swig/Makefile&quot;  VERBOSE=1 clean" />
         </MakeCommands>
      </Target>
      <Target title="_FM_Switch_swig/fast">
         <Option output="/home/arun/Documents/python/ooT/gr-FM_Switch/swig/_FM_Switch_swig.so" prefix_auto="0" extension_auto="0" />
         <Option working_dir="/home/arun/Documents/python/ooT/gr-FM_Switch/swig" />
         <Option object_output="./" />
         <Option type="3" />
         <Option compiler="gcc" />
         <Compiler>
            <Add directory="/home/arun/Documents/python/ooT/gr-FM_Switch/include" />
            <Add directory="/home/arun/Documents/python/ooT/gr-FM_Switch/lib" />
            <Add directory="/home/arun/Documents/python/ooT/gr-FM_Switch/swig" />
            <Add directory="/usr/include" />
            <Add directory="/usr/include/c++/4.8" />
            <Add directory="/usr/include/c++/4.8/backward" />
            <Add directory="/usr/include/python2.7" />
            <Add directory="/usr/include/x86_64-linux-gnu" />
            <Add directory="/usr/include/x86_64-linux-gnu/c++/4.8" />
            <Add directory="/usr/include/x86_64-linux-gnu/python2.7" />
            <Add directory="/usr/lib/gcc/x86_64-linux-gnu/4.8/include" />
            <Add directory="/usr/lib/gcc/x86_64-linux-gnu/4.8/include-fixed" />
            <Add directory="/usr/local/include" />
            <Add directory="/usr/local/include/gnuradio/swig" />
         </Compiler>
         <MakeCommands>
            <Build command="/usr/bin/make -f &quot;/home/arun/Documents/python/ooT/gr-FM_Switch/swig/Makefile&quot;  VERBOSE=1 _FM_Switch_swig/fast" />
            <CompileFile command="/usr/bin/make -f &quot;/home/arun/Documents/python/ooT/gr-FM_Switch/swig/Makefile&quot;  VERBOSE=1 &quot;$file&quot;" />
            <Clean command="/usr/bin/make -f &quot;/home/arun/Documents/python/ooT/gr-FM_Switch/swig/Makefile&quot;  VERBOSE=1 clean" />
            <DistClean command="/usr/bin/make -f &quot;/home/arun/Documents/python/ooT/gr-FM_Switch/swig/Makefile&quot;  VERBOSE=1 clean" />
         </MakeCommands>
      </Target>
      <Target title="_FM_Switch_swig_doc_tag">
         <Option output="/home/arun/Documents/python/ooT/gr-FM_Switch/swig/_FM_Switch_swig_doc_tag" prefix_auto="0" extension_auto="0" />
         <Option working_dir="/home/arun/Documents/python/ooT/gr-FM_Switch/swig" />
         <Option object_output="./" />
         <Option type="1" />
         <Option compiler="gcc" />
         <Compiler>
            <Add directory="/home/arun/Documents/python/ooT/gr-FM_Switch/include" />
            <Add directory="/home/arun/Documents/python/ooT/gr-FM_Switch/lib" />
            <Add directory="/home/arun/Documents/python/ooT/gr-FM_Switch/swig" />
            <Add directory="/usr/include" />
            <Add directory="/usr/include/c++/4.8" />
            <Add directory="/usr/include/c++/4.8/backward" />
            <Add directory="/usr/include/python2.7" />
            <Add directory="/usr/include/x86_64-linux-gnu" />
            <Add directory="/usr/include/x86_64-linux-gnu/c++/4.8" />
            <Add directory="/usr/include/x86_64-linux-gnu/python2.7" />
            <Add directory="/usr/lib/gcc/x86_64-linux-gnu/4.8/include" />
            <Add directory="/usr/lib/gcc/x86_64-linux-gnu/4.8/include-fixed" />
            <Add directory="/usr/local/include" />
            <Add directory="/usr/local/include/gnuradio/swig" />
         </Compiler>
         <MakeCommands>
            <Build command="/usr/bin/make -f &quot;/home/arun/Documents/python/ooT/gr-FM_Switch/swig/Makefile&quot;  VERBOSE=1 _FM_Switch_swig_doc_tag" />
            <CompileFile command="/usr/bin/make -f &quot;/home/arun/Documents/python/ooT/gr-FM_Switch/swig/Makefile&quot;  VERBOSE=1 &quot;$file&quot;" />
            <Clean command="/usr/bin/make -f &quot;/home/arun/Documents/python/ooT/gr-FM_Switch/swig/Makefile&quot;  VERBOSE=1 clean" />
            <DistClean command="/usr/bin/make -f &quot;/home/arun/Documents/python/ooT/gr-FM_Switch/swig/Makefile&quot;  VERBOSE=1 clean" />
         </MakeCommands>
      </Target>
      <Target title="_FM_Switch_swig_doc_tag/fast">
         <Option output="/home/arun/Documents/python/ooT/gr-FM_Switch/swig/_FM_Switch_swig_doc_tag" prefix_auto="0" extension_auto="0" />
         <Option working_dir="/home/arun/Documents/python/ooT/gr-FM_Switch/swig" />
         <Option object_output="./" />
         <Option type="1" />
         <Option compiler="gcc" />
         <Compiler>
            <Add directory="/home/arun/Documents/python/ooT/gr-FM_Switch/include" />
            <Add directory="/home/arun/Documents/python/ooT/gr-FM_Switch/lib" />
            <Add directory="/home/arun/Documents/python/ooT/gr-FM_Switch/swig" />
            <Add directory="/usr/include" />
            <Add directory="/usr/include/c++/4.8" />
            <Add directory="/usr/include/c++/4.8/backward" />
            <Add directory="/usr/include/python2.7" />
            <Add directory="/usr/include/x86_64-linux-gnu" />
            <Add directory="/usr/include/x86_64-linux-gnu/c++/4.8" />
            <Add directory="/usr/include/x86_64-linux-gnu/python2.7" />
            <Add directory="/usr/lib/gcc/x86_64-linux-gnu/4.8/include" />
            <Add directory="/usr/lib/gcc/x86_64-linux-gnu/4.8/include-fixed" />
            <Add directory="/usr/local/include" />
            <Add directory="/usr/local/include/gnuradio/swig" />
         </Compiler>
         <MakeCommands>
            <Build command="/usr/bin/make -f &quot;/home/arun/Documents/python/ooT/gr-FM_Switch/swig/Makefile&quot;  VERBOSE=1 _FM_Switch_swig_doc_tag/fast" />
            <CompileFile command="/usr/bin/make -f &quot;/home/arun/Documents/python/ooT/gr-FM_Switch/swig/Makefile&quot;  VERBOSE=1 &quot;$file&quot;" />
            <Clean command="/usr/bin/make -f &quot;/home/arun/Documents/python/ooT/gr-FM_Switch/swig/Makefile&quot;  VERBOSE=1 clean" />
            <DistClean command="/usr/bin/make -f &quot;/home/arun/Documents/python/ooT/gr-FM_Switch/swig/Makefile&quot;  VERBOSE=1 clean" />
         </MakeCommands>
      </Target>
      <Target title="_FM_Switch_swig_swig_tag">
         <Option output="/home/arun/Documents/python/ooT/gr-FM_Switch/swig/_FM_Switch_swig_swig_tag" prefix_auto="0" extension_auto="0" />
         <Option working_dir="/home/arun/Documents/python/ooT/gr-FM_Switch/swig" />
         <Option object_output="./" />
         <Option type="1" />
         <Option compiler="gcc" />
         <Compiler>
            <Add directory="/home/arun/Documents/python/ooT/gr-FM_Switch/include" />
            <Add directory="/home/arun/Documents/python/ooT/gr-FM_Switch/lib" />
            <Add directory="/home/arun/Documents/python/ooT/gr-FM_Switch/swig" />
            <Add directory="/usr/include" />
            <Add directory="/usr/include/c++/4.8" />
            <Add directory="/usr/include/c++/4.8/backward" />
            <Add directory="/usr/include/python2.7" />
            <Add directory="/usr/include/x86_64-linux-gnu" />
            <Add directory="/usr/include/x86_64-linux-gnu/c++/4.8" />
            <Add directory="/usr/include/x86_64-linux-gnu/python2.7" />
            <Add directory="/usr/lib/gcc/x86_64-linux-gnu/4.8/include" />
            <Add directory="/usr/lib/gcc/x86_64-linux-gnu/4.8/include-fixed" />
            <Add directory="/usr/local/include" />
            <Add directory="/usr/local/include/gnuradio/swig" />
         </Compiler>
         <MakeCommands>
            <Build command="/usr/bin/make -f &quot;/home/arun/Documents/python/ooT/gr-FM_Switch/swig/Makefile&quot;  VERBOSE=1 _FM_Switch_swig_swig_tag" />
            <CompileFile command="/usr/bin/make -f &quot;/home/arun/Documents/python/ooT/gr-FM_Switch/swig/Makefile&quot;  VERBOSE=1 &quot;$file&quot;" />
            <Clean command="/usr/bin/make -f &quot;/home/arun/Documents/python/ooT/gr-FM_Switch/swig/Makefile&quot;  VERBOSE=1 clean" />
            <DistClean command="/usr/bin/make -f &quot;/home/arun/Documents/python/ooT/gr-FM_Switch/swig/Makefile&quot;  VERBOSE=1 clean" />
         </MakeCommands>
      </Target>
      <Target title="_FM_Switch_swig_swig_tag/fast">
         <Option output="/home/arun/Documents/python/ooT/gr-FM_Switch/swig/_FM_Switch_swig_swig_tag" prefix_auto="0" extension_auto="0" />
         <Option working_dir="/home/arun/Documents/python/ooT/gr-FM_Switch/swig" />
         <Option object_output="./" />
         <Option type="1" />
         <Option compiler="gcc" />
         <Compiler>
            <Add directory="/home/arun/Documents/python/ooT/gr-FM_Switch/include" />
            <Add directory="/home/arun/Documents/python/ooT/gr-FM_Switch/lib" />
            <Add directory="/home/arun/Documents/python/ooT/gr-FM_Switch/swig" />
            <Add directory="/usr/include" />
            <Add directory="/usr/include/c++/4.8" />
            <Add directory="/usr/include/c++/4.8/backward" />
            <Add directory="/usr/include/python2.7" />
            <Add directory="/usr/include/x86_64-linux-gnu" />
            <Add directory="/usr/include/x86_64-linux-gnu/c++/4.8" />
            <Add directory="/usr/include/x86_64-linux-gnu/python2.7" />
            <Add directory="/usr/lib/gcc/x86_64-linux-gnu/4.8/include" />
            <Add directory="/usr/lib/gcc/x86_64-linux-gnu/4.8/include-fixed" />
            <Add directory="/usr/local/include" />
            <Add directory="/usr/local/include/gnuradio/swig" />
         </Compiler>
         <MakeCommands>
            <Build command="/usr/bin/make -f &quot;/home/arun/Documents/python/ooT/gr-FM_Switch/swig/Makefile&quot;  VERBOSE=1 _FM_Switch_swig_swig_tag/fast" />
            <CompileFile command="/usr/bin/make -f &quot;/home/arun/Documents/python/ooT/gr-FM_Switch/swig/Makefile&quot;  VERBOSE=1 &quot;$file&quot;" />
            <Clean command="/usr/bin/make -f &quot;/home/arun/Documents/python/ooT/gr-FM_Switch/swig/Makefile&quot;  VERBOSE=1 clean" />
            <DistClean command="/usr/bin/make -f &quot;/home/arun/Documents/python/ooT/gr-FM_Switch/swig/Makefile&quot;  VERBOSE=1 clean" />
         </MakeCommands>
      </Target>
      <Target title="pygen_swig_46ee8">
         <Option working_dir="/home/arun/Documents/python/ooT/gr-FM_Switch/swig" />
         <Option type="4" />
         <MakeCommands>
            <Build command="/usr/bin/make -f &quot;/home/arun/Documents/python/ooT/gr-FM_Switch/swig/Makefile&quot;  VERBOSE=1 pygen_swig_46ee8" />
            <CompileFile command="/usr/bin/make -f &quot;/home/arun/Documents/python/ooT/gr-FM_Switch/swig/Makefile&quot;  VERBOSE=1 &quot;$file&quot;" />
            <Clean command="/usr/bin/make -f &quot;/home/arun/Documents/python/ooT/gr-FM_Switch/swig/Makefile&quot;  VERBOSE=1 clean" />
            <DistClean command="/usr/bin/make -f &quot;/home/arun/Documents/python/ooT/gr-FM_Switch/swig/Makefile&quot;  VERBOSE=1 clean" />
         </MakeCommands>
      </Target>
      <Target title="pygen_python_b043f">
         <Option working_dir="/home/arun/Documents/python/ooT/gr-FM_Switch/python" />
         <Option type="4" />
         <MakeCommands>
            <Build command="/usr/bin/make -f &quot;/home/arun/Documents/python/ooT/gr-FM_Switch/python/Makefile&quot;  VERBOSE=1 pygen_python_b043f" />
            <CompileFile command="/usr/bin/make -f &quot;/home/arun/Documents/python/ooT/gr-FM_Switch/python/Makefile&quot;  VERBOSE=1 &quot;$file&quot;" />
            <Clean command="/usr/bin/make -f &quot;/home/arun/Documents/python/ooT/gr-FM_Switch/python/Makefile&quot;  VERBOSE=1 clean" />
            <DistClean command="/usr/bin/make -f &quot;/home/arun/Documents/python/ooT/gr-FM_Switch/python/Makefile&quot;  VERBOSE=1 clean" />
         </MakeCommands>
      </Target>
      <Target title="pygen_apps_9a6dd">
         <Option working_dir="/home/arun/Documents/python/ooT/gr-FM_Switch/apps" />
         <Option type="4" />
         <MakeCommands>
            <Build command="/usr/bin/make -f &quot;/home/arun/Documents/python/ooT/gr-FM_Switch/apps/Makefile&quot;  VERBOSE=1 pygen_apps_9a6dd" />
            <CompileFile command="/usr/bin/make -f &quot;/home/arun/Documents/python/ooT/gr-FM_Switch/apps/Makefile&quot;  VERBOSE=1 &quot;$file&quot;" />
            <Clean command="/usr/bin/make -f &quot;/home/arun/Documents/python/ooT/gr-FM_Switch/apps/Makefile&quot;  VERBOSE=1 clean" />
            <DistClean command="/usr/bin/make -f &quot;/home/arun/Documents/python/ooT/gr-FM_Switch/apps/Makefile&quot;  VERBOSE=1 clean" />
         </MakeCommands>
      </Target>
      <Target title="doxygen_target">
         <Option working_dir="/home/arun/Documents/python/ooT/gr-FM_Switch/docs/doxygen" />
         <Option type="4" />
         <MakeCommands>
            <Build command="/usr/bin/make -f &quot;/home/arun/Documents/python/ooT/gr-FM_Switch/docs/doxygen/Makefile&quot;  VERBOSE=1 doxygen_target" />
            <CompileFile command="/usr/bin/make -f &quot;/home/arun/Documents/python/ooT/gr-FM_Switch/docs/doxygen/Makefile&quot;  VERBOSE=1 &quot;$file&quot;" />
            <Clean command="/usr/bin/make -f &quot;/home/arun/Documents/python/ooT/gr-FM_Switch/docs/doxygen/Makefile&quot;  VERBOSE=1 clean" />
            <DistClean command="/usr/bin/make -f &quot;/home/arun/Documents/python/ooT/gr-FM_Switch/docs/doxygen/Makefile&quot;  VERBOSE=1 clean" />
         </MakeCommands>
      </Target>
      </Build>
      <Unit filename="/home/arun/Documents/python/ooT/gr-FM_Switch/lib/FM_switchCPP_impl.cc">
      </Unit>
      <Unit filename="/home/arun/Documents/python/ooT/gr-FM_Switch/lib/qa_FM_Switch.cc">
      </Unit>
      <Unit filename="/home/arun/Documents/python/ooT/gr-FM_Switch/lib/qa_FM_switchCPP.cc">
      </Unit>
      <Unit filename="/home/arun/Documents/python/ooT/gr-FM_Switch/lib/test_FM_Switch.cc">
      </Unit>
      <Unit filename="/home/arun/Documents/python/ooT/gr-FM_Switch/swig/_FM_Switch_swig_doc_tag.cpp">
      </Unit>
      <Unit filename="/home/arun/Documents/python/ooT/gr-FM_Switch/swig/_FM_Switch_swig_swig_tag.cpp">
      </Unit>
      <Unit filename="/home/arun/Documents/python/ooT/gr-FM_Switch/lib/FM_switchCPP_impl.h">
      </Unit>
      <Unit filename="/home/arun/Documents/python/ooT/gr-FM_Switch/lib/qa_FM_Switch.h">
      </Unit>
      <Unit filename="/home/arun/Documents/python/ooT/gr-FM_Switch/lib/qa_FM_switchCPP.h">
      </Unit>
      <Unit filename="/home/arun/Documents/python/ooT/gr-FM_Switch/CMakeLists.txt">
          <Option virtualFolder="CMake Files\" />
      </Unit>
      <Unit filename="/home/arun/Documents/python/ooT/gr-FM_Switch/cmake/cmake_uninstall.cmake.in">
          <Option virtualFolder="CMake Files\cmake\" />
      </Unit>
      <Unit filename="/home/arun/Documents/python/ooT/gr-FM_Switch/cmake/Modules/GrPlatform.cmake">
          <Option virtualFolder="CMake Files\cmake\Modules\" />
      </Unit>
      <Unit filename="/home/arun/Documents/python/ooT/gr-FM_Switch/cmake/Modules/FindCppUnit.cmake">
          <Option virtualFolder="CMake Files\cmake\Modules\" />
      </Unit>
      <Unit filename="/home/arun/Documents/python/ooT/gr-FM_Switch/../../../../../../usr/local/lib/cmake/gnuradio/GnuradioConfigVersion.cmake">
          <Option virtualFolder="CMake Files\..\..\..\..\..\..\usr\local\lib\cmake\gnuradio\" />
      </Unit>
      <Unit filename="/home/arun/Documents/python/ooT/gr-FM_Switch/../../../../../../usr/local/lib/cmake/gnuradio/GnuradioConfig.cmake">
          <Option virtualFolder="CMake Files\..\..\..\..\..\..\usr\local\lib\cmake\gnuradio\" />
      </Unit>
      <Unit filename="/home/arun/Documents/python/ooT/gr-FM_Switch/../../../../../../usr/local/lib/cmake/gnuradio/GrPlatform.cmake">
          <Option virtualFolder="CMake Files\..\..\..\..\..\..\usr\local\lib\cmake\gnuradio\" />
      </Unit>
      <Unit filename="/home/arun/Documents/python/ooT/gr-FM_Switch/../../../../../../usr/local/lib/cmake/gnuradio/GrTest.cmake">
          <Option virtualFolder="CMake Files\..\..\..\..\..\..\usr\local\lib\cmake\gnuradio\" />
      </Unit>
      <Unit filename="/home/arun/Documents/python/ooT/gr-FM_Switch/../../../../../../usr/local/lib/cmake/gnuradio/GrSwig.cmake">
          <Option virtualFolder="CMake Files\..\..\..\..\..\..\usr\local\lib\cmake\gnuradio\" />
      </Unit>
      <Unit filename="/home/arun/Documents/python/ooT/gr-FM_Switch/../../../../../../usr/local/lib/cmake/gnuradio/GrPython.cmake">
          <Option virtualFolder="CMake Files\..\..\..\..\..\..\usr\local\lib\cmake\gnuradio\" />
      </Unit>
      <Unit filename="/home/arun/Documents/python/ooT/gr-FM_Switch/../../../../../../usr/local/lib/cmake/gnuradio/GrPython.cmake">
          <Option virtualFolder="CMake Files\..\..\..\..\..\..\usr\local\lib\cmake\gnuradio\" />
      </Unit>
      <Unit filename="/home/arun/Documents/python/ooT/gr-FM_Switch/../../../../../../usr/local/lib/cmake/gnuradio/GrMiscUtils.cmake">
          <Option virtualFolder="CMake Files\..\..\..\..\..\..\usr\local\lib\cmake\gnuradio\" />
      </Unit>
      <Unit filename="/home/arun/Documents/python/ooT/gr-FM_Switch/../../../../../../usr/local/lib/cmake/gnuradio/GrMiscUtils.cmake">
          <Option virtualFolder="CMake Files\..\..\..\..\..\..\usr\local\lib\cmake\gnuradio\" />
      </Unit>
      <Unit filename="/home/arun/Documents/python/ooT/gr-FM_Switch/../../../../../../usr/local/lib/cmake/gnuradio/UseSWIG.cmake">
          <Option virtualFolder="CMake Files\..\..\..\..\..\..\usr\local\lib\cmake\gnuradio\" />
      </Unit>
      <Unit filename="/home/arun/Documents/python/ooT/gr-FM_Switch/../../../../../../usr/local/lib/cmake/gnuradio/CMakeParseArgumentsCopy.cmake">
          <Option virtualFolder="CMake Files\..\..\..\..\..\..\usr\local\lib\cmake\gnuradio\" />
      </Unit>
      <Unit filename="/home/arun/Documents/python/ooT/gr-FM_Switch/../../../../../../usr/local/lib/cmake/gnuradio/GrPython.cmake">
          <Option virtualFolder="CMake Files\..\..\..\..\..\..\usr\local\lib\cmake\gnuradio\" />
      </Unit>
      <Unit filename="/home/arun/Documents/python/ooT/gr-FM_Switch/../../../../../../usr/local/lib/cmake/gnuradio/CMakeParseArgumentsCopy.cmake">
          <Option virtualFolder="CMake Files\..\..\..\..\..\..\usr\local\lib\cmake\gnuradio\" />
      </Unit>
      <Unit filename="/home/arun/Documents/python/ooT/gr-FM_Switch/../../../../../../usr/local/lib/cmake/gnuradio/GrPython.cmake">
          <Option virtualFolder="CMake Files\..\..\..\..\..\..\usr\local\lib\cmake\gnuradio\" />
      </Unit>
      <Unit filename="/home/arun/Documents/python/ooT/gr-FM_Switch/../../../../../../usr/local/lib/cmake/gnuradio/CMakeParseArgumentsCopy.cmake">
          <Option virtualFolder="CMake Files\..\..\..\..\..\..\usr\local\lib\cmake\gnuradio\" />
      </Unit>
      <Unit filename="/home/arun/Documents/python/ooT/gr-FM_Switch/../../../../../../usr/local/lib/cmake/gnuradio/GrTest.cmake">
          <Option virtualFolder="CMake Files\..\..\..\..\..\..\usr\local\lib\cmake\gnuradio\" />
      </Unit>
      <Unit filename="/home/arun/Documents/python/ooT/gr-FM_Switch/../../../../../../usr/local/lib/cmake/gnuradio/GrPython.cmake">
          <Option virtualFolder="CMake Files\..\..\..\..\..\..\usr\local\lib\cmake\gnuradio\" />
      </Unit>
      <Unit filename="/home/arun/Documents/python/ooT/gr-FM_Switch/../../../../../../usr/local/lib/cmake/gnuradio/CMakeParseArgumentsCopy.cmake">
          <Option virtualFolder="CMake Files\..\..\..\..\..\..\usr\local\lib\cmake\gnuradio\" />
      </Unit>
      <Unit filename="/home/arun/Documents/python/ooT/gr-FM_Switch/include/FM_Switch/CMakeLists.txt">
          <Option virtualFolder="CMake Files\include\FM_Switch\" />
      </Unit>
      <Unit filename="/home/arun/Documents/python/ooT/gr-FM_Switch/lib/CMakeLists.txt">
          <Option virtualFolder="CMake Files\lib\" />
      </Unit>
      <Unit filename="/home/arun/Documents/python/ooT/gr-FM_Switch/swig/CMakeLists.txt">
          <Option virtualFolder="CMake Files\swig\" />
      </Unit>
      <Unit filename="/home/arun/Documents/python/ooT/gr-FM_Switch/docs/CMakeLists.txt">
          <Option virtualFolder="CMake Files\docs\" />
      </Unit>
      <Unit filename="/home/arun/Documents/python/ooT/gr-FM_Switch/docs/doxygen/Doxyfile.swig_doc.in">
          <Option virtualFolder="CMake Files\docs\doxygen\" />
      </Unit>
      <Unit filename="/home/arun/Documents/python/ooT/gr-FM_Switch/docs/doxygen/CMakeLists.txt">
          <Option virtualFolder="CMake Files\docs\doxygen\" />
      </Unit>
      <Unit filename="/home/arun/Documents/python/ooT/gr-FM_Switch/docs/doxygen/Doxyfile.in">
          <Option virtualFolder="CMake Files\docs\doxygen\" />
      </Unit>
      <Unit filename="/home/arun/Documents/python/ooT/gr-FM_Switch/python/CMakeLists.txt">
          <Option virtualFolder="CMake Files\python\" />
      </Unit>
      <Unit filename="/home/arun/Documents/python/ooT/gr-FM_Switch/grc/CMakeLists.txt">
          <Option virtualFolder="CMake Files\grc\" />
      </Unit>
      <Unit filename="/home/arun/Documents/python/ooT/gr-FM_Switch/apps/CMakeLists.txt">
          <Option virtualFolder="CMake Files\apps\" />
      </Unit>
   </Project>
</CodeBlocks_project_file>
